
Microsoft Visual Studio Solution File, Format Version 12.00
# Visual Studio Version 17
VisualStudioVersion = 17.2.32602.215
MinimumVisualStudioVersion = 10.0.40219.1
Project("{FAE04EC0-301F-11D3-BF4B-00C04F79EFBC}") = "lesbrief 7, mobiel", "lesbrief 7, mobiel\lesbrief 7, mobiel.csproj", "{C7E1BCA9-8742-408E-89BD-E35E805CEDFF}"
EndProject
Global
	GlobalSection(SolutionConfigurationPlatforms) = preSolution
		Debug|Any CPU = Debug|Any CPU
		Release|Any CPU = Release|Any CPU
	EndGlobalSection
	GlobalSection(ProjectConfigurationPlatforms) = postSolution
		{C7E1BCA9-8742-408E-89BD-E35E805CEDFF}.Debug|Any CPU.ActiveCfg = Debug|Any CPU
		{C7E1BCA9-8742-408E-89BD-E35E805CEDFF}.Debug|Any CPU.Build.0 = Debug|Any CPU
		{C7E1BCA9-8742-408E-89BD-E35E805CEDFF}.Release|Any CPU.ActiveCfg = Release|Any CPU
		{C7E1BCA9-8742-408E-89BD-E35E805CEDFF}.Release|Any CPU.Build.0 = Release|Any CPU
	EndGlobalSection
	GlobalSection(SolutionProperties) = preSolution
		HideSolutionNode = FALSE
	EndGlobalSection
	GlobalSection(ExtensibilityGlobals) = postSolution
		SolutionGuid = {8EEDE9FF-5F8E-49C8-B63D-34AE92C006BE}
	EndGlobalSection
EndGlobal
