
Microsoft Visual Studio Solution File, Format Version 12.00
# Visual Studio Version 17
VisualStudioVersion = 17.2.32602.215
MinimumVisualStudioVersion = 10.0.40219.1
Project("{FAE04EC0-301F-11D3-BF4B-00C04F79EFBC}") = "lesbrief 2, leukste spel", "lesbrief 2, leukste spel\lesbrief 2, leukste spel.csproj", "{F535AA03-71DE-4953-876B-769E248207CB}"
EndProject
Global
	GlobalSection(SolutionConfigurationPlatforms) = preSolution
		Debug|Any CPU = Debug|Any CPU
		Release|Any CPU = Release|Any CPU
	EndGlobalSection
	GlobalSection(ProjectConfigurationPlatforms) = postSolution
		{F535AA03-71DE-4953-876B-769E248207CB}.Debug|Any CPU.ActiveCfg = Debug|Any CPU
		{F535AA03-71DE-4953-876B-769E248207CB}.Debug|Any CPU.Build.0 = Debug|Any CPU
		{F535AA03-71DE-4953-876B-769E248207CB}.Release|Any CPU.ActiveCfg = Release|Any CPU
		{F535AA03-71DE-4953-876B-769E248207CB}.Release|Any CPU.Build.0 = Release|Any CPU
	EndGlobalSection
	GlobalSection(SolutionProperties) = preSolution
		HideSolutionNode = FALSE
	EndGlobalSection
	GlobalSection(ExtensibilityGlobals) = postSolution
		SolutionGuid = {C9802631-B164-4C96-B208-BCEE4DCB4BFD}
	EndGlobalSection
EndGlobal
