
Microsoft Visual Studio Solution File, Format Version 12.00
# Visual Studio Version 17
VisualStudioVersion = 17.2.32602.215
MinimumVisualStudioVersion = 10.0.40219.1
Project("{9A19103F-16F7-4668-BE54-9A1E7A4F7556}") = "Lesbrief 4, guess game", "Lesbrief 3\Lesbrief 4, guess game.csproj", "{0CCF0564-6F4E-4B95-B67C-91070AE559D8}"
EndProject
Global
	GlobalSection(SolutionConfigurationPlatforms) = preSolution
		Debug|Any CPU = Debug|Any CPU
		Release|Any CPU = Release|Any CPU
	EndGlobalSection
	GlobalSection(ProjectConfigurationPlatforms) = postSolution
		{0CCF0564-6F4E-4B95-B67C-91070AE559D8}.Debug|Any CPU.ActiveCfg = Debug|Any CPU
		{0CCF0564-6F4E-4B95-B67C-91070AE559D8}.Debug|Any CPU.Build.0 = Debug|Any CPU
		{0CCF0564-6F4E-4B95-B67C-91070AE559D8}.Release|Any CPU.ActiveCfg = Release|Any CPU
		{0CCF0564-6F4E-4B95-B67C-91070AE559D8}.Release|Any CPU.Build.0 = Release|Any CPU
	EndGlobalSection
	GlobalSection(SolutionProperties) = preSolution
		HideSolutionNode = FALSE
	EndGlobalSection
	GlobalSection(ExtensibilityGlobals) = postSolution
		SolutionGuid = {6A0DD2ED-B190-46C6-BC36-0885DA76A7E8}
	EndGlobalSection
EndGlobal
