
Microsoft Visual Studio Solution File, Format Version 12.00
# Visual Studio Version 17
VisualStudioVersion = 17.2.32602.215
MinimumVisualStudioVersion = 10.0.40219.1
Project("{FAE04EC0-301F-11D3-BF4B-00C04F79EFBC}") = "Lesbrief 5, Fibonnaci", "Lesbrief 5, Fibonnaci\Lesbrief 5, Fibonnaci.csproj", "{5280534A-E4FC-488C-B97E-0E78B75D3EAB}"
EndProject
Global
	GlobalSection(SolutionConfigurationPlatforms) = preSolution
		Debug|Any CPU = Debug|Any CPU
		Release|Any CPU = Release|Any CPU
	EndGlobalSection
	GlobalSection(ProjectConfigurationPlatforms) = postSolution
		{5280534A-E4FC-488C-B97E-0E78B75D3EAB}.Debug|Any CPU.ActiveCfg = Debug|Any CPU
		{5280534A-E4FC-488C-B97E-0E78B75D3EAB}.Debug|Any CPU.Build.0 = Debug|Any CPU
		{5280534A-E4FC-488C-B97E-0E78B75D3EAB}.Release|Any CPU.ActiveCfg = Release|Any CPU
		{5280534A-E4FC-488C-B97E-0E78B75D3EAB}.Release|Any CPU.Build.0 = Release|Any CPU
	EndGlobalSection
	GlobalSection(SolutionProperties) = preSolution
		HideSolutionNode = FALSE
	EndGlobalSection
	GlobalSection(ExtensibilityGlobals) = postSolution
		SolutionGuid = {D4DBB921-0FAD-4327-8B6A-7A73CFB2ACF1}
	EndGlobalSection
EndGlobal
